
Microsoft Visual Studio Solution File, Format Version 12.00
# Visual Studio Version 17
VisualStudioVersion = 17.11.35312.102
MinimumVisualStudioVersion = 10.0.40219.1
Project("{FAE04EC0-301F-11D3-BF4B-00C04F79EFBC}") = "PrintCetnrum_Web.Server", "PrintCetnrum_Web.Server\PrintCetnrum_Web.Server.csproj", "{C07E6184-1114-4C3A-BB22-275E5E8DAC70}"
EndProject
Project("{54A90642-561A-4BB1-A94E-469ADEE60C69}") = "printcetnrum_web.client", "printcetnrum_web.client\printcetnrum_web.client.esproj", "{B27F48B7-1775-4740-BD6B-2A43DE8E3BFF}"
EndProject
Global
	GlobalSection(SolutionConfigurationPlatforms) = preSolution
		Debug|Any CPU = Debug|Any CPU
		Release|Any CPU = Release|Any CPU
	EndGlobalSection
	GlobalSection(ProjectConfigurationPlatforms) = postSolution
		{C07E6184-1114-4C3A-BB22-275E5E8DAC70}.Debug|Any CPU.ActiveCfg = Debug|Any CPU
		{C07E6184-1114-4C3A-BB22-275E5E8DAC70}.Debug|Any CPU.Build.0 = Debug|Any CPU
		{C07E6184-1114-4C3A-BB22-275E5E8DAC70}.Release|Any CPU.ActiveCfg = Release|Any CPU
		{C07E6184-1114-4C3A-BB22-275E5E8DAC70}.Release|Any CPU.Build.0 = Release|Any CPU
		{B27F48B7-1775-4740-BD6B-2A43DE8E3BFF}.Debug|Any CPU.ActiveCfg = Debug|Any CPU
		{B27F48B7-1775-4740-BD6B-2A43DE8E3BFF}.Debug|Any CPU.Build.0 = Debug|Any CPU
		{B27F48B7-1775-4740-BD6B-2A43DE8E3BFF}.Debug|Any CPU.Deploy.0 = Debug|Any CPU
		{B27F48B7-1775-4740-BD6B-2A43DE8E3BFF}.Release|Any CPU.ActiveCfg = Release|Any CPU
		{B27F48B7-1775-4740-BD6B-2A43DE8E3BFF}.Release|Any CPU.Build.0 = Release|Any CPU
		{B27F48B7-1775-4740-BD6B-2A43DE8E3BFF}.Release|Any CPU.Deploy.0 = Release|Any CPU
	EndGlobalSection
	GlobalSection(SolutionProperties) = preSolution
		HideSolutionNode = FALSE
	EndGlobalSection
	GlobalSection(ExtensibilityGlobals) = postSolution
		SolutionGuid = {B3662681-082C-46C7-A04D-56B49A246C9E}
	EndGlobalSection
EndGlobal
